// !$*UTF8*$!
{
	archiveVersion = 1;
	classes = {
	};
	objectVersion = 55;
	objects = {

/* Begin PBXBuildFile section */
		3EEF632328E62358005EBE30 /* AppDelegate.swift in Sources */ = {isa = PBXBuildFile; fileRef = 3EEF632228E62358005EBE30 /* AppDelegate.swift */; };
		3EEF632528E62358005EBE30 /* SceneDelegate.swift in Sources */ = {isa = PBXBuildFile; fileRef = 3EEF632428E62358005EBE30 /* SceneDelegate.swift */; };
		3EEF632728E62358005EBE30 /* StartController.swift in Sources */ = {isa = PBXBuildFile; fileRef = 3EEF632628E62358005EBE30 /* StartController.swift */; };
		3EEF632A28E62358005EBE30 /* Main.storyboard in Resources */ = {isa = PBXBuildFile; fileRef = 3EEF632828E62358005EBE30 /* Main.storyboard */; };
		3EEF632C28E6235A005EBE30 /* Assets.xcassets in Resources */ = {isa = PBXBuildFile; fileRef = 3EEF632B28E6235A005EBE30 /* Assets.xcassets */; };
		3EEF632F28E6235A005EBE30 /* LaunchScreen.storyboard in Resources */ = {isa = PBXBuildFile; fileRef = 3EEF632D28E6235A005EBE30 /* LaunchScreen.storyboard */; };
		3EEF633728E6399C005EBE30 /* Player.swift in Sources */ = {isa = PBXBuildFile; fileRef = 3EEF633628E6399C005EBE30 /* Player.swift */; };
		3EEF633928E73A81005EBE30 /* GameController.swift in Sources */ = {isa = PBXBuildFile; fileRef = 3EEF633828E73A81005EBE30 /* GameController.swift */; };
		3EEF635B28E8C0C1005EBE30 /* WordCell.swift in Sources */ = {isa = PBXBuildFile; fileRef = 3EEF635A28E8C0C1005EBE30 /* WordCell.swift */; };
		3EEF635D28E8CB40005EBE30 /* ViewControllerExtension.swift in Sources */ = {isa = PBXBuildFile; fileRef = 3EEF635C28E8CB40005EBE30 /* ViewControllerExtension.swift */; };
/* End PBXBuildFile section */

/* Begin PBXFileReference section */
		3EEF631F28E62358005EBE30 /* Big_LittleWords.app */ = {isa = PBXFileReference; explicitFileType = wrapper.application; includeInIndex = 0; path = Big_LittleWords.app; sourceTree = BUILT_PRODUCTS_DIR; };
		3EEF632228E62358005EBE30 /* AppDelegate.swift */ = {isa = PBXFileReference; lastKnownFileType = sourcecode.swift; path = AppDelegate.swift; sourceTree = "<group>"; };
		3EEF632428E62358005EBE30 /* SceneDelegate.swift */ = {isa = PBXFileReference; lastKnownFileType = sourcecode.swift; path = SceneDelegate.swift; sourceTree = "<group>"; };
		3EEF632628E62358005EBE30 /* StartController.swift */ = {isa = PBXFileReference; lastKnownFileType = sourcecode.swift; path = StartController.swift; sourceTree = "<group>"; };
		3EEF632928E62358005EBE30 /* Base */ = {isa = PBXFileReference; lastKnownFileType = file.storyboard; name = Base; path = Base.lproj/Main.storyboard; sourceTree = "<group>"; };
		3EEF632B28E6235A005EBE30 /* Assets.xcassets */ = {isa = PBXFileReference; lastKnownFileType = folder.assetcatalog; path = Assets.xcassets; sourceTree = "<group>"; };
		3EEF632E28E6235A005EBE30 /* Base */ = {isa = PBXFileReference; lastKnownFileType = file.storyboard; name = Base; path = Base.lproj/LaunchScreen.storyboard; sourceTree = "<group>"; };
		3EEF633028E6235A005EBE30 /* Info.plist */ = {isa = PBXFileReference; lastKnownFileType = text.plist.xml; path = Info.plist; sourceTree = "<group>"; };
		3EEF633628E6399C005EBE30 /* Player.swift */ = {isa = PBXFileReference; lastKnownFileType = sourcecode.swift; path = Player.swift; sourceTree = "<group>"; };
		3EEF633828E73A81005EBE30 /* GameController.swift */ = {isa = PBXFileReference; lastKnownFileType = sourcecode.swift; path = GameController.swift; sourceTree = "<group>"; };
		3EEF635A28E8C0C1005EBE30 /* WordCell.swift */ = {isa = PBXFileReference; lastKnownFileType = sourcecode.swift; path = WordCell.swift; sourceTree = "<group>"; };
		3EEF635C28E8CB40005EBE30 /* ViewControllerExtension.swift */ = {isa = PBXFileReference; lastKnownFileType = sourcecode.swift; path = ViewControllerExtension.swift; sourceTree = "<group>"; };
/* End PBXFileReference section */

/* Begin PBXFrameworksBuildPhase section */
		3EEF631C28E62358005EBE30 /* Frameworks */ = {
			isa = PBXFrameworksBuildPhase;
			buildActionMask = 2147483647;
			files = (
			);
			runOnlyForDeploymentPostprocessing = 0;
		};
/* End PBXFrameworksBuildPhase section */

/* Begin PBXGroup section */
		3EEF631628E62358005EBE30 = {
			isa = PBXGroup;
			children = (
				3EEF632128E62358005EBE30 /* Big_LittleWords */,
				3EEF632028E62358005EBE30 /* Products */,
			);
			sourceTree = "<group>";
		};
		3EEF632028E62358005EBE30 /* Products */ = {
			isa = PBXGroup;
			children = (
				3EEF631F28E62358005EBE30 /* Big_LittleWords.app */,
			);
			name = Products;
			sourceTree = "<group>";
		};
		3EEF632128E62358005EBE30 /* Big_LittleWords */ = {
			isa = PBXGroup;
			children = (
				3EEF632228E62358005EBE30 /* AppDelegate.swift */,
				3EEF632428E62358005EBE30 /* SceneDelegate.swift */,
				3EEF632628E62358005EBE30 /* StartController.swift */,
				3EEF633828E73A81005EBE30 /* GameController.swift */,
				3EEF633628E6399C005EBE30 /* Player.swift */,
				3EEF635A28E8C0C1005EBE30 /* WordCell.swift */,
				3EEF635C28E8CB40005EBE30 /* ViewControllerExtension.swift */,
				3EEF632828E62358005EBE30 /* Main.storyboard */,
				3EEF632B28E6235A005EBE30 /* Assets.xcassets */,
				3EEF632D28E6235A005EBE30 /* LaunchScreen.storyboard */,
				3EEF633028E6235A005EBE30 /* Info.plist */,
			);
			path = Big_LittleWords;
			sourceTree = "<group>";
		};
/* End PBXGroup section */

/* Begin PBXNativeTarget section */
		3EEF631E28E62358005EBE30 /* Big_LittleWords */ = {
			isa = PBXNativeTarget;
			buildConfigurationList = 3EEF633328E6235A005EBE30 /* Build configuration list for PBXNativeTarget "Big_LittleWords" */;
			buildPhases = (
				3EEF631B28E62358005EBE30 /* Sources */,
				3EEF631C28E62358005EBE30 /* Frameworks */,
				3EEF631D28E62358005EBE30 /* Resources */,
			);
			buildRules = (
			);
			dependencies = (
			);
			name = Big_LittleWords;
			productName = Big_LittleWords;
			productReference = 3EEF631F28E62358005EBE30 /* Big_LittleWords.app */;
			productType = "com.apple.product-type.application";
		};
/* End PBXNativeTarget section */

/* Begin PBXProject section */
		3EEF631728E62358005EBE30 /* Project object */ = {
			isa = PBXProject;
			attributes = {
				BuildIndependentTargetsInParallel = 1;
				LastSwiftUpdateCheck = 1340;
				LastUpgradeCheck = 1340;
				TargetAttributes = {
					3EEF631E28E62358005EBE30 = {
						CreatedOnToolsVersion = 13.4.1;
					};
				};
			};
			buildConfigurationList = 3EEF631A28E62358005EBE30 /* Build configuration list for PBXProject "Big_LittleWords" */;
			compatibilityVersion = "Xcode 13.0";
			developmentRegion = en;
			hasScannedForEncodings = 0;
			knownRegions = (
				en,
				Base,
			);
			mainGroup = 3EEF631628E62358005EBE30;
			productRefGroup = 3EEF632028E62358005EBE30 /* Products */;
			projectDirPath = "";
			projectRoot = "";
			targets = (
				3EEF631E28E62358005EBE30 /* Big_LittleWords */,
			);
		};
/* End PBXProject section */

/* Begin PBXResourcesBuildPhase section */
		3EEF631D28E62358005EBE30 /* Resources */ = {
			isa = PBXResourcesBuildPhase;
			buildActionMask = 2147483647;
			files = (
				3EEF632F28E6235A005EBE30 /* LaunchScreen.storyboard in Resources */,
				3EEF632C28E6235A005EBE30 /* Assets.xcassets in Resources */,
				3EEF632A28E62358005EBE30 /* Main.storyboard in Resources */,
			);
			runOnlyForDeploymentPostprocessing = 0;
		};
/* End PBXResourcesBuildPhase section */

/* Begin PBXSourcesBuildPhase section */
		3EEF631B28E62358005EBE30 /* Sources */ = {
			isa = PBXSourcesBuildPhase;
			buildActionMask = 2147483647;
			files = (
				3EEF633728E6399C005EBE30 /* Player.swift in Sources */,
				3EEF633928E73A81005EBE30 /* GameController.swift in Sources */,
				3EEF635D28E8CB40005EBE30 /* ViewControllerExtension.swift in Sources */,
				3EEF632728E62358005EBE30 /* StartController.swift in Sources */,
				3EEF635B28E8C0C1005EBE30 /* WordCell.swift in Sources */,
				3EEF632328E62358005EBE30 /* AppDelegate.swift in Sources */,
				3EEF632528E62358005EBE30 /* SceneDelegate.swift in Sources */,
			);
			runOnlyForDeploymentPostprocessing = 0;
		};
/* End PBXSourcesBuildPhase section */

/* Begin PBXVariantGroup section */
		3EEF632828E62358005EBE30 /* Main.storyboard */ = {
			isa = PBXVariantGroup;
			children = (
				3EEF632928E62358005EBE30 /* Base */,
			);
			name = Main.storyboard;
			sourceTree = "<group>";
		};
		3EEF632D28E6235A005EBE30 /* LaunchScreen.storyboard */ = {
			isa = PBXVariantGroup;
			children = (
				3EEF632E28E6235A005EBE30 /* Base */,
			);
			name = LaunchScreen.storyboard;
			sourceTree = "<group>";
		};
/* End PBXVariantGroup section */

/* Begin XCBuildConfiguration section */
		3EEF633128E6235A005EBE30 /* Debug */ = {
			isa = XCBuildConfiguration;
			buildSettings = {
				ALWAYS_SEARCH_USER_PATHS = NO;
				CLANG_ANALYZER_NONNULL = YES;
				CLANG_ANALYZER_NUMBER_OBJECT_CONVERSION = YES_AGGRESSIVE;
				CLANG_CXX_LANGUAGE_STANDARD = "gnu++17";
				CLANG_ENABLE_MODULES = YES;
				CLANG_ENABLE_OBJC_ARC = YES;
				CLANG_ENABLE_OBJC_WEAK = YES;
				CLANG_WARN_BLOCK_CAPTURE_AUTORELEASING = YES;
				CLANG_WARN_BOOL_CONVERSION = YES;
				CLANG_WARN_COMMA = YES;
				CLANG_WARN_CONSTANT_CONVERSION = YES;
				CLANG_WARN_DEPRECATED_OBJC_IMPLEMENTATIONS = YES;
				CLANG_WARN_DIRECT_OBJC_ISA_USAGE = YES_ERROR;
				CLANG_WARN_DOCUMENTATION_COMMENTS = YES;
				CLANG_WARN_EMPTY_BODY = YES;
				CLANG_WARN_ENUM_CONVERSION = YES;
				CLANG_WARN_INFINITE_RECURSION = YES;
				CLANG_WARN_INT_CONVERSION = YES;
				CLANG_WARN_NON_LITERAL_NULL_CONVERSION = YES;
				CLANG_WARN_OBJC_IMPLICIT_RETAIN_SELF = YES;
				CLANG_WARN_OBJC_LITERAL_CONVERSION = YES;
				CLANG_WARN_OBJC_ROOT_CLASS = YES_ERROR;
				CLANG_WARN_QUOTED_INCLUDE_IN_FRAMEWORK_HEADER = YES;
				CLANG_WARN_RANGE_LOOP_ANALYSIS = YES;
				CLANG_WARN_STRICT_PROTOTYPES = YES;
				CLANG_WARN_SUSPICIOUS_MOVE = YES;
				CLANG_WARN_UNGUARDED_AVAILABILITY = YES_AGGRESSIVE;
				CLANG_WARN_UNREACHABLE_CODE = YES;
				CLANG_WARN__DUPLICATE_METHOD_MATCH = YES;
				COPY_PHASE_STRIP = NO;
				DEBUG_INFORMATION_FORMAT = dwarf;
				ENABLE_STRICT_OBJC_MSGSEND = YES;
				ENABLE_TESTABILITY = YES;
				GCC_C_LANGUAGE_STANDARD = gnu11;
				GCC_DYNAMIC_NO_PIC = NO;
				GCC_NO_COMMON_BLOCKS = YES;
				GCC_OPTIMIZATION_LEVEL = 0;
				GCC_PREPROCESSOR_DEFINITIONS = (
					"DEBUG=1",
					"$(inherited)",
				);
				GCC_WARN_64_TO_32_BIT_CONVERSION = YES;
				GCC_WARN_ABOUT_RETURN_TYPE = YES_ERROR;
				GCC_WARN_UNDECLARED_SELECTOR = YES;
				GCC_WARN_UNINITIALIZED_AUTOS = YES_AGGRESSIVE;
				GCC_WARN_UNUSED_FUNCTION = YES;
				GCC_WARN_UNUSED_VARIABLE = YES;
				IPHONEOS_DEPLOYMENT_TARGET = 15.5;
				MTL_ENABLE_DEBUG_INFO = INCLUDE_SOURCE;
				MTL_FAST_MATH = YES;
				ONLY_ACTIVE_ARCH = YES;
				SDKROOT = iphoneos;
				SWIFT_ACTIVE_COMPILATION_CONDITIONS = DEBUG;
				SWIFT_OPTIMIZATION_LEVEL = "-Onone";
			};
			name = Debug;
		};
		3EEF633228E6235A005EBE30 /* Release */ = {
			isa = XCBuildConfiguration;
			buildSettings = {
				ALWAYS_SEARCH_USER_PATHS = NO;
				CLANG_ANALYZER_NONNULL = YES;
				CLANG_ANALYZER_NUMBER_OBJECT_CONVERSION = YES_AGGRESSIVE;
				CLANG_CXX_LANGUAGE_STANDARD = "gnu++17";
				CLANG_ENABLE_MODULES = YES;
				CLANG_ENABLE_OBJC_ARC = YES;
				CLANG_ENABLE_OBJC_WEAK = YES;
				CLANG_WARN_BLOCK_CAPTURE_AUTORELEASING = YES;
				CLANG_WARN_BOOL_CONVERSION = YES;
				CLANG_WARN_COMMA = YES;
				CLANG_WARN_CONSTANT_CONVERSION = YES;
				CLANG_WARN_DEPRECATED_OBJC_IMPLEMENTATIONS = YES;
				CLANG_WARN_DIRECT_OBJC_ISA_USAGE = YES_ERROR;
				CLANG_WARN_DOCUMENTATION_COMMENTS = YES;
				CLANG_WARN_EMPTY_BODY = YES;
				CLANG_WARN_ENUM_CONVERSION = YES;
				CLANG_WARN_INFINITE_RECURSION = YES;
				CLANG_WARN_INT_CONVERSION = YES;
				CLANG_WARN_NON_LITERAL_NULL_CONVERSION = YES;
				CLANG_WARN_OBJC_IMPLICIT_RETAIN_SELF = YES;
				CLANG_WARN_OBJC_LITERAL_CONVERSION = YES;
				CLANG_WARN_OBJC_ROOT_CLASS = YES_ERROR;
				CLANG_WARN_QUOTED_INCLUDE_IN_FRAMEWORK_HEADER = YES;
				CLANG_WARN_RANGE_LOOP_ANALYSIS = YES;
				CLANG_WARN_STRICT_PROTOTYPES = YES;
				CLANG_WARN_SUSPICIOUS_MOVE = YES;
				CLANG_WARN_UNGUARDED_AVAILABILITY = YES_AGGRESSIVE;
				CLANG_WARN_UNREACHABLE_CODE = YES;
				CLANG_WARN__DUPLICATE_METHOD_MATCH = YES;
				COPY_PHASE_STRIP = NO;
				DEBUG_INFORMATION_FORMAT = "dwarf-with-dsym";
				ENABLE_NS_ASSERTIONS = NO;
				ENABLE_STRICT_OBJC_MSGSEND = YES;
				GCC_C_LANGUAGE_STANDARD = gnu11;
				GCC_NO_COMMON_BLOCKS = YES;
				GCC_WARN_64_TO_32_BIT_CONVERSION = YES;
				GCC_WARN_ABOUT_RETURN_TYPE = YES_ERROR;
				GCC_WARN_UNDECLARED_SELECTOR = YES;
				GCC_WARN_UNINITIALIZED_AUTOS = YES_AGGRESSIVE;
				GCC_WARN_UNUSED_FUNCTION = YES;
				GCC_WARN_UNUSED_VARIABLE = YES;
				IPHONEOS_DEPLOYMENT_TARGET = 15.5;
				MTL_ENABLE_DEBUG_INFO = NO;
				MTL_FAST_MATH = YES;
				SDKROOT = iphoneos;
				SWIFT_COMPILATION_MODE = wholemodule;
				SWIFT_OPTIMIZATION_LEVEL = "-O";
				VALIDATE_PRODUCT = YES;
			};
			name = Release;
		};
		3EEF633428E6235A005EBE30 /* Debug */ = {
			isa = XCBuildConfiguration;
			buildSettings = {
				ASSETCATALOG_COMPILER_APPICON_NAME = AppIcon;
				ASSETCATALOG_COMPILER_GLOBAL_ACCENT_COLOR_NAME = AccentColor;
				CODE_SIGN_STYLE = Automatic;
				CURRENT_PROJECT_VERSION = 1;
				DEVELOPMENT_TEAM = 88684T2Y82;
				GENERATE_INFOPLIST_FILE = YES;
				INFOPLIST_FILE = Big_LittleWords/Info.plist;
				INFOPLIST_KEY_UIApplicationSupportsIndirectInputEvents = YES;
				INFOPLIST_KEY_UILaunchStoryboardName = LaunchScreen;
				INFOPLIST_KEY_UIMainStoryboardFile = Main;
				INFOPLIST_KEY_UISupportedInterfaceOrientations = UIInterfaceOrientationPortrait;
				INFOPLIST_KEY_UISupportedInterfaceOrientations_iPad = "UIInterfaceOrientationPortrait UIInterfaceOrientationPortraitUpsideDown UIInterfaceOrientationLandscapeLeft UIInterfaceOrientationLandscapeRight";
				INFOPLIST_KEY_UISupportedInterfaceOrientations_iPhone = "UIInterfaceOrientationPortrait UIInterfaceOrientationLandscapeLeft UIInterfaceOrientationLandscapeRight";
				LD_RUNPATH_SEARCH_PATHS = (
					"$(inherited)",
					"@executable_path/Frameworks",
				);
				MARKETING_VERSION = 1.0;
				PRODUCT_BUNDLE_IDENTIFIER = "com.Big-LittleWords";
				PRODUCT_NAME = "$(TARGET_NAME)";
				SWIFT_EMIT_LOC_STRINGS = YES;
				SWIFT_VERSION = 5.0;
				TARGETED_DEVICE_FAMILY = 1;
			};
			name = Debug;
		};
		3EEF633528E6235A005EBE30 /* Release */ = {
			isa = XCBuildConfiguration;
			buildSettings = {
				ASSETCATALOG_COMPILER_APPICON_NAME = AppIcon;
				ASSETCATALOG_COMPILER_GLOBAL_ACCENT_COLOR_NAME = AccentColor;
				CODE_SIGN_STYLE = Automatic;
				CURRENT_PROJECT_VERSION = 1;
				DEVELOPMENT_TEAM = 88684T2Y82;
				GENERATE_INFOPLIST_FILE = YES;
				INFOPLIST_FILE = Big_LittleWords/Info.plist;
				INFOPLIST_KEY_UIApplicationSupportsIndirectInputEvents = YES;
				INFOPLIST_KEY_UILaunchStoryboardName = LaunchScreen;
				INFOPLIST_KEY_UIMainStoryboardFile = Main;
				INFOPLIST_KEY_UISupportedInterfaceOrientations = UIInterfaceOrientationPortrait;
				INFOPLIST_KEY_UISupportedInterfaceOrientations_iPad = "UIInterfaceOrientationPortrait UIInterfaceOrientationPortraitUpsideDown UIInterfaceOrientationLandscapeLeft UIInterfaceOrientationLandscapeRight";
				INFOPLIST_KEY_UISupportedInterfaceOrientations_iPhone = "UIInterfaceOrientationPortrait UIInterfaceOrientationLandscapeLeft UIInterfaceOrientationLandscapeRight";
				LD_RUNPATH_SEARCH_PATHS = (
					"$(inherited)",
					"@executable_path/Frameworks",
				);
				MARKETING_VERSION = 1.0;
				PRODUCT_BUNDLE_IDENTIFIER = "com.Big-LittleWords";
				PRODUCT_NAME = "$(TARGET_NAME)";
				SWIFT_EMIT_LOC_STRINGS = YES;
				SWIFT_VERSION = 5.0;
				TARGETED_DEVICE_FAMILY = 1;
			};
			name = Release;
		};
/* End XCBuildConfiguration section */

/* Begin XCConfigurationList section */
		3EEF631A28E62358005EBE30 /* Build configuration list for PBXProject "Big_LittleWords" */ = {
			isa = XCConfigurationList;
			buildConfigurations = (
				3EEF633128E6235A005EBE30 /* Debug */,
				3EEF633228E6235A005EBE30 /* Release */,
			);
			defaultConfigurationIsVisible = 0;
			defaultConfigurationName = Release;
		};
		3EEF633328E6235A005EBE30 /* Build configuration list for PBXNativeTarget "Big_LittleWords" */ = {
			isa = XCConfigurationList;
			buildConfigurations = (
				3EEF633428E6235A005EBE30 /* Debug */,
				3EEF633528E6235A005EBE30 /* Release */,
			);
			defaultConfigurationIsVisible = 0;
			defaultConfigurationName = Release;
		};
/* End XCConfigurationList section */
	};
	rootObject = 3EEF631728E62358005EBE30 /* Project object */;
}
